// !$*UTF8*$!
{
	archiveVersion = 1;
	classes = {
	};
	objectVersion = 48;
	objects = {

/* Begin PBXBuildFile section */
		2C6E72E4224EA1B100D1D4BB /* AppDelegate.swift in Sources */ = {isa = PBXBuildFile; fileRef = 2C6E72E3224EA1B100D1D4BB /* AppDelegate.swift */; };
		2C6E72E6224EA1B100D1D4BB /* SQLiteViewController.swift in Sources */ = {isa = PBXBuildFile; fileRef = 2C6E72E5224EA1B100D1D4BB /* SQLiteViewController.swift */; };
		2C6E72E9224EA1B100D1D4BB /* Main.storyboard in Resources */ = {isa = PBXBuildFile; fileRef = 2C6E72E7224EA1B100D1D4BB /* Main.storyboard */; };
		2C6E72EB224EA1B100D1D4BB /* Assets.xcassets in Resources */ = {isa = PBXBuildFile; fileRef = 2C6E72EA224EA1B100D1D4BB /* Assets.xcassets */; };
		2C6E72EE224EA1B100D1D4BB /* LaunchScreen.storyboard in Resources */ = {isa = PBXBuildFile; fileRef = 2C6E72EC224EA1B100D1D4BB /* LaunchScreen.storyboard */; };
		2C6E72F9224EA1B100D1D4BB /* TestAppTests.swift in Sources */ = {isa = PBXBuildFile; fileRef = 2C6E72F8224EA1B100D1D4BB /* TestAppTests.swift */; };
		2C6E7304224EA1B200D1D4BB /* TestAppUITests.swift in Sources */ = {isa = PBXBuildFile; fileRef = 2C6E7303224EA1B200D1D4BB /* TestAppUITests.swift */; };
		2C6E7312224EA9C900D1D4BB /* ContentTableViewCell.swift in Sources */ = {isa = PBXBuildFile; fileRef = 2C6E7311224EA9C900D1D4BB /* ContentTableViewCell.swift */; };
		2C6E7314224EAD7200D1D4BB /* SQLitePresenter.swift in Sources */ = {isa = PBXBuildFile; fileRef = 2C6E7313224EAD7200D1D4BB /* SQLitePresenter.swift */; };
/* End PBXBuildFile section */

/* Begin PBXContainerItemProxy section */
		2C6E72F5224EA1B100D1D4BB /* PBXContainerItemProxy */ = {
			isa = PBXContainerItemProxy;
			containerPortal = 2C6E72D8224EA1B100D1D4BB /* Project object */;
			proxyType = 1;
			remoteGlobalIDString = 2C6E72DF224EA1B100D1D4BB;
			remoteInfo = TestApp;
		};
		2C6E7300224EA1B100D1D4BB /* PBXContainerItemProxy */ = {
			isa = PBXContainerItemProxy;
			containerPortal = 2C6E72D8224EA1B100D1D4BB /* Project object */;
			proxyType = 1;
			remoteGlobalIDString = 2C6E72DF224EA1B100D1D4BB;
			remoteInfo = TestApp;
		};
/* End PBXContainerItemProxy section */

/* Begin PBXFileReference section */
		2C6E72E0224EA1B100D1D4BB /* TestApp.app */ = {isa = PBXFileReference; explicitFileType = wrapper.application; includeInIndex = 0; path = TestApp.app; sourceTree = BUILT_PRODUCTS_DIR; };
		2C6E72E3224EA1B100D1D4BB /* AppDelegate.swift */ = {isa = PBXFileReference; lastKnownFileType = sourcecode.swift; path = AppDelegate.swift; sourceTree = "<group>"; };
		2C6E72E5224EA1B100D1D4BB /* SQLiteViewController.swift */ = {isa = PBXFileReference; lastKnownFileType = sourcecode.swift; path = SQLiteViewController.swift; sourceTree = "<group>"; };
		2C6E72E8224EA1B100D1D4BB /* Base */ = {isa = PBXFileReference; lastKnownFileType = file.storyboard; name = Base; path = Base.lproj/Main.storyboard; sourceTree = "<group>"; };
		2C6E72EA224EA1B100D1D4BB /* Assets.xcassets */ = {isa = PBXFileReference; lastKnownFileType = folder.assetcatalog; path = Assets.xcassets; sourceTree = "<group>"; };
		2C6E72ED224EA1B100D1D4BB /* Base */ = {isa = PBXFileReference; lastKnownFileType = file.storyboard; name = Base; path = Base.lproj/LaunchScreen.storyboard; sourceTree = "<group>"; };
		2C6E72EF224EA1B100D1D4BB /* Info.plist */ = {isa = PBXFileReference; lastKnownFileType = text.plist.xml; path = Info.plist; sourceTree = "<group>"; };
		2C6E72F4224EA1B100D1D4BB /* TestAppTests.xctest */ = {isa = PBXFileReference; explicitFileType = wrapper.cfbundle; includeInIndex = 0; path = TestAppTests.xctest; sourceTree = BUILT_PRODUCTS_DIR; };
		2C6E72F8224EA1B100D1D4BB /* TestAppTests.swift */ = {isa = PBXFileReference; lastKnownFileType = sourcecode.swift; path = TestAppTests.swift; sourceTree = "<group>"; };
		2C6E72FA224EA1B100D1D4BB /* Info.plist */ = {isa = PBXFileReference; lastKnownFileType = text.plist.xml; path = Info.plist; sourceTree = "<group>"; };
		2C6E72FF224EA1B100D1D4BB /* TestAppUITests.xctest */ = {isa = PBXFileReference; explicitFileType = wrapper.cfbundle; includeInIndex = 0; path = TestAppUITests.xctest; sourceTree = BUILT_PRODUCTS_DIR; };
		2C6E7303224EA1B200D1D4BB /* TestAppUITests.swift */ = {isa = PBXFileReference; lastKnownFileType = sourcecode.swift; path = TestAppUITests.swift; sourceTree = "<group>"; };
		2C6E7305224EA1B200D1D4BB /* Info.plist */ = {isa = PBXFileReference; lastKnownFileType = text.plist.xml; path = Info.plist; sourceTree = "<group>"; };
		2C6E7311224EA9C900D1D4BB /* ContentTableViewCell.swift */ = {isa = PBXFileReference; lastKnownFileType = sourcecode.swift; path = ContentTableViewCell.swift; sourceTree = "<group>"; };
		2C6E7313224EAD7200D1D4BB /* SQLitePresenter.swift */ = {isa = PBXFileReference; lastKnownFileType = sourcecode.swift; path = SQLitePresenter.swift; sourceTree = "<group>"; };
/* End PBXFileReference section */

/* Begin PBXFrameworksBuildPhase section */
		2C6E72DD224EA1B100D1D4BB /* Frameworks */ = {
			isa = PBXFrameworksBuildPhase;
			buildActionMask = 2147483647;
			files = (
			);
			runOnlyForDeploymentPostprocessing = 0;
		};
		2C6E72F1224EA1B100D1D4BB /* Frameworks */ = {
			isa = PBXFrameworksBuildPhase;
			buildActionMask = 2147483647;
			files = (
			);
			runOnlyForDeploymentPostprocessing = 0;
		};
		2C6E72FC224EA1B100D1D4BB /* Frameworks */ = {
			isa = PBXFrameworksBuildPhase;
			buildActionMask = 2147483647;
			files = (
			);
			runOnlyForDeploymentPostprocessing = 0;
		};
/* End PBXFrameworksBuildPhase section */

/* Begin PBXGroup section */
		2C6E72D7224EA1B100D1D4BB = {
			isa = PBXGroup;
			children = (
				2C6E72E2224EA1B100D1D4BB /* TestApp */,
				2C6E72F7224EA1B100D1D4BB /* TestAppTests */,
				2C6E7302224EA1B100D1D4BB /* TestAppUITests */,
				2C6E72E1224EA1B100D1D4BB /* Products */,
			);
			sourceTree = "<group>";
		};
		2C6E72E1224EA1B100D1D4BB /* Products */ = {
			isa = PBXGroup;
			children = (
				2C6E72E0224EA1B100D1D4BB /* TestApp.app */,
				2C6E72F4224EA1B100D1D4BB /* TestAppTests.xctest */,
				2C6E72FF224EA1B100D1D4BB /* TestAppUITests.xctest */,
			);
			name = Products;
			sourceTree = "<group>";
		};
		2C6E72E2224EA1B100D1D4BB /* TestApp */ = {
			isa = PBXGroup;
			children = (
				2C6E72E3224EA1B100D1D4BB /* AppDelegate.swift */,
				2C6E72E5224EA1B100D1D4BB /* SQLiteViewController.swift */,
				2C6E7313224EAD7200D1D4BB /* SQLitePresenter.swift */,
				2C6E7311224EA9C900D1D4BB /* ContentTableViewCell.swift */,
				2C6E72E7224EA1B100D1D4BB /* Main.storyboard */,
				2C6E72EA224EA1B100D1D4BB /* Assets.xcassets */,
				2C6E72EC224EA1B100D1D4BB /* LaunchScreen.storyboard */,
				2C6E72EF224EA1B100D1D4BB /* Info.plist */,
			);
			path = TestApp;
			sourceTree = "<group>";
		};
		2C6E72F7224EA1B100D1D4BB /* TestAppTests */ = {
			isa = PBXGroup;
			children = (
				2C6E72F8224EA1B100D1D4BB /* TestAppTests.swift */,
				2C6E72FA224EA1B100D1D4BB /* Info.plist */,
			);
			path = TestAppTests;
			sourceTree = "<group>";
		};
		2C6E7302224EA1B100D1D4BB /* TestAppUITests */ = {
			isa = PBXGroup;
			children = (
				2C6E7303224EA1B200D1D4BB /* TestAppUITests.swift */,
				2C6E7305224EA1B200D1D4BB /* Info.plist */,
			);
			path = TestAppUITests;
			sourceTree = "<group>";
		};
/* End PBXGroup section */

/* Begin PBXNativeTarget section */
		2C6E72DF224EA1B100D1D4BB /* TestApp */ = {
			isa = PBXNativeTarget;
			buildConfigurationList = 2C6E7308224EA1B200D1D4BB /* Build configuration list for PBXNativeTarget "TestApp" */;
			buildPhases = (
				2C6E72DC224EA1B100D1D4BB /* Sources */,
				2C6E72DD224EA1B100D1D4BB /* Frameworks */,
				2C6E72DE224EA1B100D1D4BB /* Resources */,
			);
			buildRules = (
			);
			dependencies = (
			);
			name = TestApp;
			productName = TestApp;
			productReference = 2C6E72E0224EA1B100D1D4BB /* TestApp.app */;
			productType = "com.apple.product-type.application";
		};
		2C6E72F3224EA1B100D1D4BB /* TestAppTests */ = {
			isa = PBXNativeTarget;
			buildConfigurationList = 2C6E730B224EA1B200D1D4BB /* Build configuration list for PBXNativeTarget "TestAppTests" */;
			buildPhases = (
				2C6E72F0224EA1B100D1D4BB /* Sources */,
				2C6E72F1224EA1B100D1D4BB /* Frameworks */,
				2C6E72F2224EA1B100D1D4BB /* Resources */,
			);
			buildRules = (
			);
			dependencies = (
				2C6E72F6224EA1B100D1D4BB /* PBXTargetDependency */,
			);
			name = TestAppTests;
			productName = TestAppTests;
			productReference = 2C6E72F4224EA1B100D1D4BB /* TestAppTests.xctest */;
			productType = "com.apple.product-type.bundle.unit-test";
		};
		2C6E72FE224EA1B100D1D4BB /* TestAppUITests */ = {
			isa = PBXNativeTarget;
			buildConfigurationList = 2C6E730E224EA1B200D1D4BB /* Build configuration list for PBXNativeTarget "TestAppUITests" */;
			buildPhases = (
				2C6E72FB224EA1B100D1D4BB /* Sources */,
				2C6E72FC224EA1B100D1D4BB /* Frameworks */,
				2C6E72FD224EA1B100D1D4BB /* Resources */,
			);
			buildRules = (
			);
			dependencies = (
				2C6E7301224EA1B100D1D4BB /* PBXTargetDependency */,
			);
			name = TestAppUITests;
			productName = TestAppUITests;
			productReference = 2C6E72FF224EA1B100D1D4BB /* TestAppUITests.xctest */;
			productType = "com.apple.product-type.bundle.ui-testing";
		};
/* End PBXNativeTarget section */

/* Begin PBXProject section */
		2C6E72D8224EA1B100D1D4BB /* Project object */ = {
			isa = PBXProject;
			attributes = {
				LastSwiftUpdateCheck = 0920;
				LastUpgradeCheck = 1020;
				ORGANIZATIONNAME = "Alina FESYK";
				TargetAttributes = {
					2C6E72DF224EA1B100D1D4BB = {
						CreatedOnToolsVersion = 9.2;
						LastSwiftMigration = 1020;
						ProvisioningStyle = Automatic;
					};
					2C6E72F3224EA1B100D1D4BB = {
						CreatedOnToolsVersion = 9.2;
						LastSwiftMigration = 1020;
						ProvisioningStyle = Automatic;
						TestTargetID = 2C6E72DF224EA1B100D1D4BB;
					};
					2C6E72FE224EA1B100D1D4BB = {
						CreatedOnToolsVersion = 9.2;
						LastSwiftMigration = 1020;
						ProvisioningStyle = Automatic;
						TestTargetID = 2C6E72DF224EA1B100D1D4BB;
					};
				};
			};
			buildConfigurationList = 2C6E72DB224EA1B100D1D4BB /* Build configuration list for PBXProject "TestApp" */;
			compatibilityVersion = "Xcode 8.0";
			developmentRegion = en;
			hasScannedForEncodings = 0;
			knownRegions = (
				en,
				Base,
			);
			mainGroup = 2C6E72D7224EA1B100D1D4BB;
			productRefGroup = 2C6E72E1224EA1B100D1D4BB /* Products */;
			projectDirPath = "";
			projectRoot = "";
			targets = (
				2C6E72DF224EA1B100D1D4BB /* TestApp */,
				2C6E72F3224EA1B100D1D4BB /* TestAppTests */,
				2C6E72FE224EA1B100D1D4BB /* TestAppUITests */,
			);
		};
/* End PBXProject section */

/* Begin PBXResourcesBuildPhase section */
		2C6E72DE224EA1B100D1D4BB /* Resources */ = {
			isa = PBXResourcesBuildPhase;
			buildActionMask = 2147483647;
			files = (
				2C6E72EE224EA1B100D1D4BB /* LaunchScreen.storyboard in Resources */,
				2C6E72EB224EA1B100D1D4BB /* Assets.xcassets in Resources */,
				2C6E72E9224EA1B100D1D4BB /* Main.storyboard in Resources */,
			);
			runOnlyForDeploymentPostprocessing = 0;
		};
		2C6E72F2224EA1B100D1D4BB /* Resources */ = {
			isa = PBXResourcesBuildPhase;
			buildActionMask = 2147483647;
			files = (
			);
			runOnlyForDeploymentPostprocessing = 0;
		};
		2C6E72FD224EA1B100D1D4BB /* Resources */ = {
			isa = PBXResourcesBuildPhase;
			buildActionMask = 2147483647;
			files = (
			);
			runOnlyForDeploymentPostprocessing = 0;
		};
/* End PBXResourcesBuildPhase section */

/* Begin PBXSourcesBuildPhase section */
		2C6E72DC224EA1B100D1D4BB /* Sources */ = {
			isa = PBXSourcesBuildPhase;
			buildActionMask = 2147483647;
			files = (
				2C6E72E6224EA1B100D1D4BB /* SQLiteViewController.swift in Sources */,
				2C6E72E4224EA1B100D1D4BB /* AppDelegate.swift in Sources */,
				2C6E7312224EA9C900D1D4BB /* ContentTableViewCell.swift in Sources */,
				2C6E7314224EAD7200D1D4BB /* SQLitePresenter.swift in Sources */,
			);
			runOnlyForDeploymentPostprocessing = 0;
		};
		2C6E72F0224EA1B100D1D4BB /* Sources */ = {
			isa = PBXSourcesBuildPhase;
			buildActionMask = 2147483647;
			files = (
				2C6E72F9224EA1B100D1D4BB /* TestAppTests.swift in Sources */,
			);
			runOnlyForDeploymentPostprocessing = 0;
		};
		2C6E72FB224EA1B100D1D4BB /* Sources */ = {
			isa = PBXSourcesBuildPhase;
			buildActionMask = 2147483647;
			files = (
				2C6E7304224EA1B200D1D4BB /* TestAppUITests.swift in Sources */,
			);
			runOnlyForDeploymentPostprocessing = 0;
		};
/* End PBXSourcesBuildPhase section */

/* Begin PBXTargetDependency section */
		2C6E72F6224EA1B100D1D4BB /* PBXTargetDependency */ = {
			isa = PBXTargetDependency;
			target = 2C6E72DF224EA1B100D1D4BB /* TestApp */;
			targetProxy = 2C6E72F5224EA1B100D1D4BB /* PBXContainerItemProxy */;
		};
		2C6E7301224EA1B100D1D4BB /* PBXTargetDependency */ = {
			isa = PBXTargetDependency;
			target = 2C6E72DF224EA1B100D1D4BB /* TestApp */;
			targetProxy = 2C6E7300224EA1B100D1D4BB /* PBXContainerItemProxy */;
		};
/* End PBXTargetDependency section */

/* Begin PBXVariantGroup section */
		2C6E72E7224EA1B100D1D4BB /* Main.storyboard */ = {
			isa = PBXVariantGroup;
			children = (
				2C6E72E8224EA1B100D1D4BB /* Base */,
			);
			name = Main.storyboard;
			sourceTree = "<group>";
		};
		2C6E72EC224EA1B100D1D4BB /* LaunchScreen.storyboard */ = {
			isa = PBXVariantGroup;
			children = (
				2C6E72ED224EA1B100D1D4BB /* Base */,
			);
			name = LaunchScreen.storyboard;
			sourceTree = "<group>";
		};
/* End PBXVariantGroup section */

/* Begin XCBuildConfiguration section */
		2C6E7306224EA1B200D1D4BB /* Debug */ = {
			isa = XCBuildConfiguration;
			buildSettings = {
				ALWAYS_SEARCH_USER_PATHS = NO;
				CLANG_ANALYZER_NONNULL = YES;
				CLANG_ANALYZER_NUMBER_OBJECT_CONVERSION = YES_AGGRESSIVE;
				CLANG_CXX_LANGUAGE_STANDARD = "gnu++14";
				CLANG_CXX_LIBRARY = "libc++";
				CLANG_ENABLE_MODULES = YES;
				CLANG_ENABLE_OBJC_ARC = YES;
				CLANG_WARN_BLOCK_CAPTURE_AUTORELEASING = YES;
				CLANG_WARN_BOOL_CONVERSION = YES;
				CLANG_WARN_COMMA = YES;
				CLANG_WARN_CONSTANT_CONVERSION = YES;
				CLANG_WARN_DEPRECATED_OBJC_IMPLEMENTATIONS = YES;
				CLANG_WARN_DIRECT_OBJC_ISA_USAGE = YES_ERROR;
				CLANG_WARN_DOCUMENTATION_COMMENTS = YES;
				CLANG_WARN_EMPTY_BODY = YES;
				CLANG_WARN_ENUM_CONVERSION = YES;
				CLANG_WARN_INFINITE_RECURSION = YES;
				CLANG_WARN_INT_CONVERSION = YES;
				CLANG_WARN_NON_LITERAL_NULL_CONVERSION = YES;
				CLANG_WARN_OBJC_IMPLICIT_RETAIN_SELF = YES;
				CLANG_WARN_OBJC_LITERAL_CONVERSION = YES;
				CLANG_WARN_OBJC_ROOT_CLASS = YES_ERROR;
				CLANG_WARN_RANGE_LOOP_ANALYSIS = YES;
				CLANG_WARN_STRICT_PROTOTYPES = YES;
				CLANG_WARN_SUSPICIOUS_MOVE = YES;
				CLANG_WARN_UNGUARDED_AVAILABILITY = YES_AGGRESSIVE;
				CLANG_WARN_UNREACHABLE_CODE = YES;
				CLANG_WARN__DUPLICATE_METHOD_MATCH = YES;
				CODE_SIGN_IDENTITY = "iPhone Developer";
				COPY_PHASE_STRIP = NO;
				DEBUG_INFORMATION_FORMAT = dwarf;
				ENABLE_STRICT_OBJC_MSGSEND = YES;
				ENABLE_TESTABILITY = YES;
				GCC_C_LANGUAGE_STANDARD = gnu11;
				GCC_DYNAMIC_NO_PIC = NO;
				GCC_NO_COMMON_BLOCKS = YES;
				GCC_OPTIMIZATION_LEVEL = 0;
				GCC_PREPROCESSOR_DEFINITIONS = (
					"DEBUG=1",
					"$(inherited)",
				);
				GCC_WARN_64_TO_32_BIT_CONVERSION = YES;
				GCC_WARN_ABOUT_RETURN_TYPE = YES_ERROR;
				GCC_WARN_UNDECLARED_SELECTOR = YES;
				GCC_WARN_UNINITIALIZED_AUTOS = YES_AGGRESSIVE;
				GCC_WARN_UNUSED_FUNCTION = YES;
				GCC_WARN_UNUSED_VARIABLE = YES;
				IPHONEOS_DEPLOYMENT_TARGET = 11.2;
				MTL_ENABLE_DEBUG_INFO = YES;
				ONLY_ACTIVE_ARCH = YES;
				SDKROOT = iphoneos;
				SWIFT_ACTIVE_COMPILATION_CONDITIONS = DEBUG;
				SWIFT_OPTIMIZATION_LEVEL = "-Onone";
			};
			name = Debug;
		};
		2C6E7307224EA1B200D1D4BB /* Release */ = {
			isa = XCBuildConfiguration;
			buildSettings = {
				ALWAYS_SEARCH_USER_PATHS = NO;
				CLANG_ANALYZER_NONNULL = YES;
				CLANG_ANALYZER_NUMBER_OBJECT_CONVERSION = YES_AGGRESSIVE;
				CLANG_CXX_LANGUAGE_STANDARD = "gnu++14";
				CLANG_CXX_LIBRARY = "libc++";
				CLANG_ENABLE_MODULES = YES;
				CLANG_ENABLE_OBJC_ARC = YES;
				CLANG_WARN_BLOCK_CAPTURE_AUTORELEASING = YES;
				CLANG_WARN_BOOL_CONVERSION = YES;
				CLANG_WARN_COMMA = YES;
				CLANG_WARN_CONSTANT_CONVERSION = YES;
				CLANG_WARN_DEPRECATED_OBJC_IMPLEMENTATIONS = YES;
				CLANG_WARN_DIRECT_OBJC_ISA_USAGE = YES_ERROR;
				CLANG_WARN_DOCUMENTATION_COMMENTS = YES;
				CLANG_WARN_EMPTY_BODY = YES;
				CLANG_WARN_ENUM_CONVERSION = YES;
				CLANG_WARN_INFINITE_RECURSION = YES;
				CLANG_WARN_INT_CONVERSION = YES;
				CLANG_WARN_NON_LITERAL_NULL_CONVERSION = YES;
				CLANG_WARN_OBJC_IMPLICIT_RETAIN_SELF = YES;
				CLANG_WARN_OBJC_LITERAL_CONVERSION = YES;
				CLANG_WARN_OBJC_ROOT_CLASS = YES_ERROR;
				CLANG_WARN_RANGE_LOOP_ANALYSIS = YES;
				CLANG_WARN_STRICT_PROTOTYPES = YES;
				CLANG_WARN_SUSPICIOUS_MOVE = YES;
				CLANG_WARN_UNGUARDED_AVAILABILITY = YES_AGGRESSIVE;
				CLANG_WARN_UNREACHABLE_CODE = YES;
				CLANG_WARN__DUPLICATE_METHOD_MATCH = YES;
				CODE_SIGN_IDENTITY = "iPhone Developer";
				COPY_PHASE_STRIP = NO;
				DEBUG_INFORMATION_FORMAT = "dwarf-with-dsym";
				ENABLE_NS_ASSERTIONS = NO;
				ENABLE_STRICT_OBJC_MSGSEND = YES;
				GCC_C_LANGUAGE_STANDARD = gnu11;
				GCC_NO_COMMON_BLOCKS = YES;
				GCC_WARN_64_TO_32_BIT_CONVERSION = YES;
				GCC_WARN_ABOUT_RETURN_TYPE = YES_ERROR;
				GCC_WARN_UNDECLARED_SELECTOR = YES;
				GCC_WARN_UNINITIALIZED_AUTOS = YES_AGGRESSIVE;
				GCC_WARN_UNUSED_FUNCTION = YES;
				GCC_WARN_UNUSED_VARIABLE = YES;
				IPHONEOS_DEPLOYMENT_TARGET = 11.2;
				MTL_ENABLE_DEBUG_INFO = NO;
				SDKROOT = iphoneos;
				SWIFT_OPTIMIZATION_LEVEL = "-Owholemodule";
				VALIDATE_PRODUCT = YES;
			};
			name = Release;
		};
		2C6E7309224EA1B200D1D4BB /* Debug */ = {
			isa = XCBuildConfiguration;
			buildSettings = {
				ASSETCATALOG_COMPILER_APPICON_NAME = AppIcon;
				CODE_SIGN_STYLE = Automatic;
				INFOPLIST_FILE = TestApp/Info.plist;
				LD_RUNPATH_SEARCH_PATHS = "$(inherited) @executable_path/Frameworks";
				PRODUCT_BUNDLE_IDENTIFIER = afesyk.TestApp;
				PRODUCT_NAME = "$(TARGET_NAME)";
				SWIFT_VERSION = 5.0;
				TARGETED_DEVICE_FAMILY = "1,2";
			};
			name = Debug;
		};
		2C6E730A224EA1B200D1D4BB /* Release */ = {
			isa = XCBuildConfiguration;
			buildSettings = {
				ASSETCATALOG_COMPILER_APPICON_NAME = AppIcon;
				CODE_SIGN_STYLE = Automatic;
				INFOPLIST_FILE = TestApp/Info.plist;
				LD_RUNPATH_SEARCH_PATHS = "$(inherited) @executable_path/Frameworks";
				PRODUCT_BUNDLE_IDENTIFIER = afesyk.TestApp;
				PRODUCT_NAME = "$(TARGET_NAME)";
				SWIFT_VERSION = 5.0;
				TARGETED_DEVICE_FAMILY = "1,2";
			};
			name = Release;
		};
		2C6E730C224EA1B200D1D4BB /* Debug */ = {
			isa = XCBuildConfiguration;
			buildSettings = {
				ALWAYS_EMBED_SWIFT_STANDARD_LIBRARIES = YES;
				BUNDLE_LOADER = "$(TEST_HOST)";
				CODE_SIGN_STYLE = Automatic;
				INFOPLIST_FILE = TestAppTests/Info.plist;
				LD_RUNPATH_SEARCH_PATHS = "$(inherited) @executable_path/Frameworks @loader_path/Frameworks";
				PRODUCT_BUNDLE_IDENTIFIER = afesyk.TestAppTests;
				PRODUCT_NAME = "$(TARGET_NAME)";
				SWIFT_VERSION = 5.0;
				TARGETED_DEVICE_FAMILY = "1,2";
				TEST_HOST = "$(BUILT_PRODUCTS_DIR)/TestApp.app/TestApp";
			};
			name = Debug;
		};
		2C6E730D224EA1B200D1D4BB /* Release */ = {
			isa = XCBuildConfiguration;
			buildSettings = {
				ALWAYS_EMBED_SWIFT_STANDARD_LIBRARIES = YES;
				BUNDLE_LOADER = "$(TEST_HOST)";
				CODE_SIGN_STYLE = Automatic;
				INFOPLIST_FILE = TestAppTests/Info.plist;
				LD_RUNPATH_SEARCH_PATHS = "$(inherited) @executable_path/Frameworks @loader_path/Frameworks";
				PRODUCT_BUNDLE_IDENTIFIER = afesyk.TestAppTests;
				PRODUCT_NAME = "$(TARGET_NAME)";
				SWIFT_VERSION = 5.0;
				TARGETED_DEVICE_FAMILY = "1,2";
				TEST_HOST = "$(BUILT_PRODUCTS_DIR)/TestApp.app/TestApp";
			};
			name = Release;
		};
		2C6E730F224EA1B200D1D4BB /* Debug */ = {
			isa = XCBuildConfiguration;
			buildSettings = {
				ALWAYS_EMBED_SWIFT_STANDARD_LIBRARIES = YES;
				CODE_SIGN_STYLE = Automatic;
				INFOPLIST_FILE = TestAppUITests/Info.plist;
				LD_RUNPATH_SEARCH_PATHS = "$(inherited) @executable_path/Frameworks @loader_path/Frameworks";
				PRODUCT_BUNDLE_IDENTIFIER = afesyk.TestAppUITests;
				PRODUCT_NAME = "$(TARGET_NAME)";
				SWIFT_VERSION = 5.0;
				TARGETED_DEVICE_FAMILY = "1,2";
				TEST_TARGET_NAME = TestApp;
			};
			name = Debug;
		};
		2C6E7310224EA1B200D1D4BB /* Release */ = {
			isa = XCBuildConfiguration;
			buildSettings = {
				ALWAYS_EMBED_SWIFT_STANDARD_LIBRARIES = YES;
				CODE_SIGN_STYLE = Automatic;
				INFOPLIST_FILE = TestAppUITests/Info.plist;
				LD_RUNPATH_SEARCH_PATHS = "$(inherited) @executable_path/Frameworks @loader_path/Frameworks";
				PRODUCT_BUNDLE_IDENTIFIER = afesyk.TestAppUITests;
				PRODUCT_NAME = "$(TARGET_NAME)";
				SWIFT_VERSION = 5.0;
				TARGETED_DEVICE_FAMILY = "1,2";
				TEST_TARGET_NAME = TestApp;
			};
			name = Release;
		};
/* End XCBuildConfiguration section */

/* Begin XCConfigurationList section */
		2C6E72DB224EA1B100D1D4BB /* Build configuration list for PBXProject "TestApp" */ = {
			isa = XCConfigurationList;
			buildConfigurations = (
				2C6E7306224EA1B200D1D4BB /* Debug */,
				2C6E7307224EA1B200D1D4BB /* Release */,
			);
			defaultConfigurationIsVisible = 0;
			defaultConfigurationName = Release;
		};
		2C6E7308224EA1B200D1D4BB /* Build configuration list for PBXNativeTarget "TestApp" */ = {
			isa = XCConfigurationList;
			buildConfigurations = (
				2C6E7309224EA1B200D1D4BB /* Debug */,
				2C6E730A224EA1B200D1D4BB /* Release */,
			);
			defaultConfigurationIsVisible = 0;
			defaultConfigurationName = Release;
		};
		2C6E730B224EA1B200D1D4BB /* Build configuration list for PBXNativeTarget "TestAppTests" */ = {
			isa = XCConfigurationList;
			buildConfigurations = (
				2C6E730C224EA1B200D1D4BB /* Debug */,
				2C6E730D224EA1B200D1D4BB /* Release */,
			);
			defaultConfigurationIsVisible = 0;
			defaultConfigurationName = Release;
		};
		2C6E730E224EA1B200D1D4BB /* Build configuration list for PBXNativeTarget "TestAppUITests" */ = {
			isa = XCConfigurationList;
			buildConfigurations = (
				2C6E730F224EA1B200D1D4BB /* Debug */,
				2C6E7310224EA1B200D1D4BB /* Release */,
			);
			defaultConfigurationIsVisible = 0;
			defaultConfigurationName = Release;
		};
/* End XCConfigurationList section */
	};
	rootObject = 2C6E72D8224EA1B100D1D4BB /* Project object */;
}
