// !$*UTF8*$!
{
	archiveVersion = 1;
	classes = {
	};
	objectVersion = 48;
	objects = {

/* Begin PBXBuildFile section */
		2C6E72E4224EA1B100D1D4BB /* AppDelegate.swift in Sources */ = {isa = PBXBuildFile; fileRef = 2C6E72E3224EA1B100D1D4BB /* AppDelegate.swift */; };
		2C6E72E9224EA1B100D1D4BB /* Main.storyboard in Resources */ = {isa = PBXBuildFile; fileRef = 2C6E72E7224EA1B100D1D4BB /* Main.storyboard */; };
		2C6E72EB224EA1B100D1D4BB /* Assets.xcassets in Resources */ = {isa = PBXBuildFile; fileRef = 2C6E72EA224EA1B100D1D4BB /* Assets.xcassets */; };
		2C6E72EE224EA1B100D1D4BB /* LaunchScreen.storyboard in Resources */ = {isa = PBXBuildFile; fileRef = 2C6E72EC224EA1B100D1D4BB /* LaunchScreen.storyboard */; };
		2C6E7312224EA9C900D1D4BB /* ItemTableViewCell.swift in Sources */ = {isa = PBXBuildFile; fileRef = 2C6E7311224EA9C900D1D4BB /* ItemTableViewCell.swift */; };
		2C6E7314224EAD7200D1D4BB /* SQLitePresenter.swift in Sources */ = {isa = PBXBuildFile; fileRef = 2C6E7313224EAD7200D1D4BB /* SQLitePresenter.swift */; };
		7DC178F72250F45E003EB3B2 /* SQLiteDatabase.swift in Sources */ = {isa = PBXBuildFile; fileRef = 7DC178F62250F45E003EB3B2 /* SQLiteDatabase.swift */; };
		7DC178F9225102E2003EB3B2 /* Item.swift in Sources */ = {isa = PBXBuildFile; fileRef = 7DC178F8225102E2003EB3B2 /* Item.swift */; };
		7DC179092251655C003EB3B2 /* ImageCollectionViewController.swift in Sources */ = {isa = PBXBuildFile; fileRef = 7DC179082251655C003EB3B2 /* ImageCollectionViewController.swift */; };
		7DC1790B22516616003EB3B2 /* SQLiteViewController.swift in Sources */ = {isa = PBXBuildFile; fileRef = 7DC1790A22516616003EB3B2 /* SQLiteViewController.swift */; };
		7DC1790D2251673A003EB3B2 /* ImageViewCell.swift in Sources */ = {isa = PBXBuildFile; fileRef = 7DC1790C2251673A003EB3B2 /* ImageViewCell.swift */; };
		7DC1790F2251F673003EB3B2 /* CollectionViewPresenter.swift in Sources */ = {isa = PBXBuildFile; fileRef = 7DC1790E2251F673003EB3B2 /* CollectionViewPresenter.swift */; };
		7DC179142252822B003EB3B2 /* Image.swift in Sources */ = {isa = PBXBuildFile; fileRef = 7DC179132252822B003EB3B2 /* Image.swift */; };
		D98559F4FE44B6529B22D4F2 /* Pods_TestApp.framework in Frameworks */ = {isa = PBXBuildFile; fileRef = 833368DF9B138DCB95876FF7 /* Pods_TestApp.framework */; };
/* End PBXBuildFile section */

/* Begin PBXFileReference section */
		0515BB7A0C5CCFCD59E9AB64 /* Pods-TestApp.release.xcconfig */ = {isa = PBXFileReference; includeInIndex = 1; lastKnownFileType = text.xcconfig; name = "Pods-TestApp.release.xcconfig"; path = "Target Support Files/Pods-TestApp/Pods-TestApp.release.xcconfig"; sourceTree = "<group>"; };
		2C6E72E0224EA1B100D1D4BB /* TestApp.app */ = {isa = PBXFileReference; explicitFileType = wrapper.application; includeInIndex = 0; path = TestApp.app; sourceTree = BUILT_PRODUCTS_DIR; };
		2C6E72E3224EA1B100D1D4BB /* AppDelegate.swift */ = {isa = PBXFileReference; lastKnownFileType = sourcecode.swift; path = AppDelegate.swift; sourceTree = "<group>"; };
		2C6E72E8224EA1B100D1D4BB /* Base */ = {isa = PBXFileReference; lastKnownFileType = file.storyboard; name = Base; path = Base.lproj/Main.storyboard; sourceTree = "<group>"; };
		2C6E72EA224EA1B100D1D4BB /* Assets.xcassets */ = {isa = PBXFileReference; lastKnownFileType = folder.assetcatalog; path = Assets.xcassets; sourceTree = "<group>"; };
		2C6E72ED224EA1B100D1D4BB /* Base */ = {isa = PBXFileReference; lastKnownFileType = file.storyboard; name = Base; path = Base.lproj/LaunchScreen.storyboard; sourceTree = "<group>"; };
		2C6E72EF224EA1B100D1D4BB /* Info.plist */ = {isa = PBXFileReference; lastKnownFileType = text.plist.xml; path = Info.plist; sourceTree = "<group>"; };
		2C6E7311224EA9C900D1D4BB /* ItemTableViewCell.swift */ = {isa = PBXFileReference; lastKnownFileType = sourcecode.swift; path = ItemTableViewCell.swift; sourceTree = "<group>"; };
		2C6E7313224EAD7200D1D4BB /* SQLitePresenter.swift */ = {isa = PBXFileReference; lastKnownFileType = sourcecode.swift; path = SQLitePresenter.swift; sourceTree = "<group>"; };
		7DC178F62250F45E003EB3B2 /* SQLiteDatabase.swift */ = {isa = PBXFileReference; lastKnownFileType = sourcecode.swift; path = SQLiteDatabase.swift; sourceTree = "<group>"; };
		7DC178F8225102E2003EB3B2 /* Item.swift */ = {isa = PBXFileReference; lastKnownFileType = sourcecode.swift; path = Item.swift; sourceTree = "<group>"; };
		7DC179082251655C003EB3B2 /* ImageCollectionViewController.swift */ = {isa = PBXFileReference; lastKnownFileType = sourcecode.swift; path = ImageCollectionViewController.swift; sourceTree = "<group>"; };
		7DC1790A22516616003EB3B2 /* SQLiteViewController.swift */ = {isa = PBXFileReference; fileEncoding = 4; lastKnownFileType = sourcecode.swift; path = SQLiteViewController.swift; sourceTree = "<group>"; };
		7DC1790C2251673A003EB3B2 /* ImageViewCell.swift */ = {isa = PBXFileReference; lastKnownFileType = sourcecode.swift; path = ImageViewCell.swift; sourceTree = "<group>"; };
		7DC1790E2251F673003EB3B2 /* CollectionViewPresenter.swift */ = {isa = PBXFileReference; lastKnownFileType = sourcecode.swift; path = CollectionViewPresenter.swift; sourceTree = "<group>"; };
		7DC179132252822B003EB3B2 /* Image.swift */ = {isa = PBXFileReference; lastKnownFileType = sourcecode.swift; path = Image.swift; sourceTree = "<group>"; };
		833368DF9B138DCB95876FF7 /* Pods_TestApp.framework */ = {isa = PBXFileReference; explicitFileType = wrapper.framework; includeInIndex = 0; path = Pods_TestApp.framework; sourceTree = BUILT_PRODUCTS_DIR; };
		F8E8E94C78D6D9909979A1AE /* Pods-TestApp.debug.xcconfig */ = {isa = PBXFileReference; includeInIndex = 1; lastKnownFileType = text.xcconfig; name = "Pods-TestApp.debug.xcconfig"; path = "Target Support Files/Pods-TestApp/Pods-TestApp.debug.xcconfig"; sourceTree = "<group>"; };
/* End PBXFileReference section */

/* Begin PBXFrameworksBuildPhase section */
		2C6E72DD224EA1B100D1D4BB /* Frameworks */ = {
			isa = PBXFrameworksBuildPhase;
			buildActionMask = 2147483647;
			files = (
				D98559F4FE44B6529B22D4F2 /* Pods_TestApp.framework in Frameworks */,
			);
			runOnlyForDeploymentPostprocessing = 0;
		};
/* End PBXFrameworksBuildPhase section */

/* Begin PBXGroup section */
		2C6E72D7224EA1B100D1D4BB = {
			isa = PBXGroup;
			children = (
				2C6E72E2224EA1B100D1D4BB /* TestApp */,
				2C6E72E1224EA1B100D1D4BB /* Products */,
				EFF2316F0D1CE9AFA78BC218 /* Pods */,
				4B6A24E118A656A86A8FE4B1 /* Frameworks */,
			);
			sourceTree = "<group>";
		};
		2C6E72E1224EA1B100D1D4BB /* Products */ = {
			isa = PBXGroup;
			children = (
				2C6E72E0224EA1B100D1D4BB /* TestApp.app */,
			);
			name = Products;
			sourceTree = "<group>";
		};
		2C6E72E2224EA1B100D1D4BB /* TestApp */ = {
			isa = PBXGroup;
			children = (
				2C6E72E3224EA1B100D1D4BB /* AppDelegate.swift */,
				7DC1791222526C54003EB3B2 /* CollectionView */,
				7DC178FE225156A0003EB3B2 /* SQLite */,
				2C6E72E7224EA1B100D1D4BB /* Main.storyboard */,
				2C6E72EC224EA1B100D1D4BB /* LaunchScreen.storyboard */,
				2C6E72EA224EA1B100D1D4BB /* Assets.xcassets */,
				2C6E72EF224EA1B100D1D4BB /* Info.plist */,
			);
			path = TestApp;
			sourceTree = "<group>";
		};
		4B6A24E118A656A86A8FE4B1 /* Frameworks */ = {
			isa = PBXGroup;
			children = (
				833368DF9B138DCB95876FF7 /* Pods_TestApp.framework */,
			);
			name = Frameworks;
			sourceTree = "<group>";
		};
		7DC178FB22515559003EB3B2 /* View */ = {
			isa = PBXGroup;
			children = (
				7DC1790A22516616003EB3B2 /* SQLiteViewController.swift */,
				2C6E7311224EA9C900D1D4BB /* ItemTableViewCell.swift */,
			);
			path = View;
			sourceTree = "<group>";
		};
		7DC178FC225155D5003EB3B2 /* Presenter */ = {
			isa = PBXGroup;
			children = (
				2C6E7313224EAD7200D1D4BB /* SQLitePresenter.swift */,
			);
			path = Presenter;
			sourceTree = "<group>";
		};
		7DC178FD2251567D003EB3B2 /* Model */ = {
			isa = PBXGroup;
			children = (
				7DC178F62250F45E003EB3B2 /* SQLiteDatabase.swift */,
				7DC178F8225102E2003EB3B2 /* Item.swift */,
			);
			path = Model;
			sourceTree = "<group>";
		};
		7DC178FE225156A0003EB3B2 /* SQLite */ = {
			isa = PBXGroup;
			children = (
				7DC178FB22515559003EB3B2 /* View */,
				7DC178FC225155D5003EB3B2 /* Presenter */,
				7DC178FD2251567D003EB3B2 /* Model */,
			);
			path = SQLite;
			sourceTree = "<group>";
		};
		7DC1791022526C20003EB3B2 /* View */ = {
			isa = PBXGroup;
			children = (
				7DC179082251655C003EB3B2 /* ImageCollectionViewController.swift */,
				7DC1790C2251673A003EB3B2 /* ImageViewCell.swift */,
			);
			path = View;
			sourceTree = "<group>";
		};
		7DC1791122526C3A003EB3B2 /* Presenter */ = {
			isa = PBXGroup;
			children = (
				7DC1790E2251F673003EB3B2 /* CollectionViewPresenter.swift */,
			);
			path = Presenter;
			sourceTree = "<group>";
		};
		7DC1791222526C54003EB3B2 /* CollectionView */ = {
			isa = PBXGroup;
			children = (
				7DC1791022526C20003EB3B2 /* View */,
				7DC1791122526C3A003EB3B2 /* Presenter */,
				7DC1791522528236003EB3B2 /* Model */,
			);
			path = CollectionView;
			sourceTree = "<group>";
		};
		7DC1791522528236003EB3B2 /* Model */ = {
			isa = PBXGroup;
			children = (
				7DC179132252822B003EB3B2 /* Image.swift */,
			);
			path = Model;
			sourceTree = "<group>";
		};
		EFF2316F0D1CE9AFA78BC218 /* Pods */ = {
			isa = PBXGroup;
			children = (
				F8E8E94C78D6D9909979A1AE /* Pods-TestApp.debug.xcconfig */,
				0515BB7A0C5CCFCD59E9AB64 /* Pods-TestApp.release.xcconfig */,
			);
			path = Pods;
			sourceTree = "<group>";
		};
/* End PBXGroup section */

/* Begin PBXNativeTarget section */
		2C6E72DF224EA1B100D1D4BB /* TestApp */ = {
			isa = PBXNativeTarget;
			buildConfigurationList = 2C6E7308224EA1B200D1D4BB /* Build configuration list for PBXNativeTarget "TestApp" */;
			buildPhases = (
				CA6BC9CCCAA227188A74C41C /* [CP] Check Pods Manifest.lock */,
				2C6E72DC224EA1B100D1D4BB /* Sources */,
				2C6E72DD224EA1B100D1D4BB /* Frameworks */,
				2C6E72DE224EA1B100D1D4BB /* Resources */,
				55674DC1131AEAA522D4E037 /* [CP] Embed Pods Frameworks */,
			);
			buildRules = (
			);
			dependencies = (
			);
			name = TestApp;
			productName = TestApp;
			productReference = 2C6E72E0224EA1B100D1D4BB /* TestApp.app */;
			productType = "com.apple.product-type.application";
		};
/* End PBXNativeTarget section */

/* Begin PBXProject section */
		2C6E72D8224EA1B100D1D4BB /* Project object */ = {
			isa = PBXProject;
			attributes = {
				LastSwiftUpdateCheck = 0920;
				LastUpgradeCheck = 1020;
				ORGANIZATIONNAME = "Alina FESYK";
				TargetAttributes = {
					2C6E72DF224EA1B100D1D4BB = {
						CreatedOnToolsVersion = 9.2;
						LastSwiftMigration = 1020;
						ProvisioningStyle = Automatic;
					};
				};
			};
			buildConfigurationList = 2C6E72DB224EA1B100D1D4BB /* Build configuration list for PBXProject "TestApp" */;
			compatibilityVersion = "Xcode 8.0";
			developmentRegion = en;
			hasScannedForEncodings = 0;
			knownRegions = (
				en,
				Base,
			);
			mainGroup = 2C6E72D7224EA1B100D1D4BB;
			productRefGroup = 2C6E72E1224EA1B100D1D4BB /* Products */;
			projectDirPath = "";
			projectRoot = "";
			targets = (
				2C6E72DF224EA1B100D1D4BB /* TestApp */,
			);
		};
/* End PBXProject section */

/* Begin PBXResourcesBuildPhase section */
		2C6E72DE224EA1B100D1D4BB /* Resources */ = {
			isa = PBXResourcesBuildPhase;
			buildActionMask = 2147483647;
			files = (
				2C6E72EE224EA1B100D1D4BB /* LaunchScreen.storyboard in Resources */,
				2C6E72EB224EA1B100D1D4BB /* Assets.xcassets in Resources */,
				2C6E72E9224EA1B100D1D4BB /* Main.storyboard in Resources */,
			);
			runOnlyForDeploymentPostprocessing = 0;
		};
/* End PBXResourcesBuildPhase section */

/* Begin PBXShellScriptBuildPhase section */
		55674DC1131AEAA522D4E037 /* [CP] Embed Pods Frameworks */ = {
			isa = PBXShellScriptBuildPhase;
			buildActionMask = 2147483647;
			files = (
			);
			inputFileListPaths = (
			);
			inputPaths = (
				"${PODS_ROOT}/Target Support Files/Pods-TestApp/Pods-TestApp-frameworks.sh",
				"${BUILT_PRODUCTS_DIR}/ZIPFoundation/ZIPFoundation.framework",
			);
			name = "[CP] Embed Pods Frameworks";
			outputFileListPaths = (
			);
			outputPaths = (
				"${TARGET_BUILD_DIR}/${FRAMEWORKS_FOLDER_PATH}/ZIPFoundation.framework",
			);
			runOnlyForDeploymentPostprocessing = 0;
			shellPath = /bin/sh;
			shellScript = "\"${PODS_ROOT}/Target Support Files/Pods-TestApp/Pods-TestApp-frameworks.sh\"\n";
			showEnvVarsInLog = 0;
		};
		CA6BC9CCCAA227188A74C41C /* [CP] Check Pods Manifest.lock */ = {
			isa = PBXShellScriptBuildPhase;
			buildActionMask = 2147483647;
			files = (
			);
			inputFileListPaths = (
			);
			inputPaths = (
				"${PODS_PODFILE_DIR_PATH}/Podfile.lock",
				"${PODS_ROOT}/Manifest.lock",
			);
			name = "[CP] Check Pods Manifest.lock";
			outputFileListPaths = (
			);
			outputPaths = (
				"$(DERIVED_FILE_DIR)/Pods-TestApp-checkManifestLockResult.txt",
			);
			runOnlyForDeploymentPostprocessing = 0;
			shellPath = /bin/sh;
			shellScript = "diff \"${PODS_PODFILE_DIR_PATH}/Podfile.lock\" \"${PODS_ROOT}/Manifest.lock\" > /dev/null\nif [ $? != 0 ] ; then\n    # print error to STDERR\n    echo \"error: The sandbox is not in sync with the Podfile.lock. Run 'pod install' or update your CocoaPods installation.\" >&2\n    exit 1\nfi\n# This output is used by Xcode 'outputs' to avoid re-running this script phase.\necho \"SUCCESS\" > \"${SCRIPT_OUTPUT_FILE_0}\"\n";
			showEnvVarsInLog = 0;
		};
/* End PBXShellScriptBuildPhase section */

/* Begin PBXSourcesBuildPhase section */
		2C6E72DC224EA1B100D1D4BB /* Sources */ = {
			isa = PBXSourcesBuildPhase;
			buildActionMask = 2147483647;
			files = (
				7DC179092251655C003EB3B2 /* ImageCollectionViewController.swift in Sources */,
				7DC178F9225102E2003EB3B2 /* Item.swift in Sources */,
				2C6E72E4224EA1B100D1D4BB /* AppDelegate.swift in Sources */,
				2C6E7312224EA9C900D1D4BB /* ItemTableViewCell.swift in Sources */,
				7DC1790D2251673A003EB3B2 /* ImageViewCell.swift in Sources */,
				2C6E7314224EAD7200D1D4BB /* SQLitePresenter.swift in Sources */,
				7DC178F72250F45E003EB3B2 /* SQLiteDatabase.swift in Sources */,
				7DC1790B22516616003EB3B2 /* SQLiteViewController.swift in Sources */,
				7DC1790F2251F673003EB3B2 /* CollectionViewPresenter.swift in Sources */,
				7DC179142252822B003EB3B2 /* Image.swift in Sources */,
			);
			runOnlyForDeploymentPostprocessing = 0;
		};
/* End PBXSourcesBuildPhase section */

/* Begin PBXVariantGroup section */
		2C6E72E7224EA1B100D1D4BB /* Main.storyboard */ = {
			isa = PBXVariantGroup;
			children = (
				2C6E72E8224EA1B100D1D4BB /* Base */,
			);
			name = Main.storyboard;
			sourceTree = "<group>";
		};
		2C6E72EC224EA1B100D1D4BB /* LaunchScreen.storyboard */ = {
			isa = PBXVariantGroup;
			children = (
				2C6E72ED224EA1B100D1D4BB /* Base */,
			);
			name = LaunchScreen.storyboard;
			sourceTree = "<group>";
		};
/* End PBXVariantGroup section */

/* Begin XCBuildConfiguration section */
		2C6E7306224EA1B200D1D4BB /* Debug */ = {
			isa = XCBuildConfiguration;
			buildSettings = {
				ALWAYS_SEARCH_USER_PATHS = NO;
				CLANG_ANALYZER_NONNULL = YES;
				CLANG_ANALYZER_NUMBER_OBJECT_CONVERSION = YES_AGGRESSIVE;
				CLANG_CXX_LANGUAGE_STANDARD = "gnu++14";
				CLANG_CXX_LIBRARY = "libc++";
				CLANG_ENABLE_MODULES = YES;
				CLANG_ENABLE_OBJC_ARC = YES;
				CLANG_WARN_BLOCK_CAPTURE_AUTORELEASING = YES;
				CLANG_WARN_BOOL_CONVERSION = YES;
				CLANG_WARN_COMMA = YES;
				CLANG_WARN_CONSTANT_CONVERSION = YES;
				CLANG_WARN_DEPRECATED_OBJC_IMPLEMENTATIONS = YES;
				CLANG_WARN_DIRECT_OBJC_ISA_USAGE = YES_ERROR;
				CLANG_WARN_DOCUMENTATION_COMMENTS = YES;
				CLANG_WARN_EMPTY_BODY = YES;
				CLANG_WARN_ENUM_CONVERSION = YES;
				CLANG_WARN_INFINITE_RECURSION = YES;
				CLANG_WARN_INT_CONVERSION = YES;
				CLANG_WARN_NON_LITERAL_NULL_CONVERSION = YES;
				CLANG_WARN_OBJC_IMPLICIT_RETAIN_SELF = YES;
				CLANG_WARN_OBJC_LITERAL_CONVERSION = YES;
				CLANG_WARN_OBJC_ROOT_CLASS = YES_ERROR;
				CLANG_WARN_RANGE_LOOP_ANALYSIS = YES;
				CLANG_WARN_STRICT_PROTOTYPES = YES;
				CLANG_WARN_SUSPICIOUS_MOVE = YES;
				CLANG_WARN_UNGUARDED_AVAILABILITY = YES_AGGRESSIVE;
				CLANG_WARN_UNREACHABLE_CODE = YES;
				CLANG_WARN__DUPLICATE_METHOD_MATCH = YES;
				CODE_SIGN_IDENTITY = "iPhone Developer";
				COPY_PHASE_STRIP = NO;
				DEBUG_INFORMATION_FORMAT = dwarf;
				ENABLE_STRICT_OBJC_MSGSEND = YES;
				ENABLE_TESTABILITY = YES;
				GCC_C_LANGUAGE_STANDARD = gnu11;
				GCC_DYNAMIC_NO_PIC = NO;
				GCC_NO_COMMON_BLOCKS = YES;
				GCC_OPTIMIZATION_LEVEL = 0;
				GCC_PREPROCESSOR_DEFINITIONS = (
					"DEBUG=1",
					"$(inherited)",
				);
				GCC_WARN_64_TO_32_BIT_CONVERSION = YES;
				GCC_WARN_ABOUT_RETURN_TYPE = YES_ERROR;
				GCC_WARN_UNDECLARED_SELECTOR = YES;
				GCC_WARN_UNINITIALIZED_AUTOS = YES_AGGRESSIVE;
				GCC_WARN_UNUSED_FUNCTION = YES;
				GCC_WARN_UNUSED_VARIABLE = YES;
				IPHONEOS_DEPLOYMENT_TARGET = 11.2;
				MTL_ENABLE_DEBUG_INFO = YES;
				ONLY_ACTIVE_ARCH = YES;
				SDKROOT = iphoneos;
				SWIFT_ACTIVE_COMPILATION_CONDITIONS = DEBUG;
				SWIFT_OPTIMIZATION_LEVEL = "-Onone";
			};
			name = Debug;
		};
		2C6E7307224EA1B200D1D4BB /* Release */ = {
			isa = XCBuildConfiguration;
			buildSettings = {
				ALWAYS_SEARCH_USER_PATHS = NO;
				CLANG_ANALYZER_NONNULL = YES;
				CLANG_ANALYZER_NUMBER_OBJECT_CONVERSION = YES_AGGRESSIVE;
				CLANG_CXX_LANGUAGE_STANDARD = "gnu++14";
				CLANG_CXX_LIBRARY = "libc++";
				CLANG_ENABLE_MODULES = YES;
				CLANG_ENABLE_OBJC_ARC = YES;
				CLANG_WARN_BLOCK_CAPTURE_AUTORELEASING = YES;
				CLANG_WARN_BOOL_CONVERSION = YES;
				CLANG_WARN_COMMA = YES;
				CLANG_WARN_CONSTANT_CONVERSION = YES;
				CLANG_WARN_DEPRECATED_OBJC_IMPLEMENTATIONS = YES;
				CLANG_WARN_DIRECT_OBJC_ISA_USAGE = YES_ERROR;
				CLANG_WARN_DOCUMENTATION_COMMENTS = YES;
				CLANG_WARN_EMPTY_BODY = YES;
				CLANG_WARN_ENUM_CONVERSION = YES;
				CLANG_WARN_INFINITE_RECURSION = YES;
				CLANG_WARN_INT_CONVERSION = YES;
				CLANG_WARN_NON_LITERAL_NULL_CONVERSION = YES;
				CLANG_WARN_OBJC_IMPLICIT_RETAIN_SELF = YES;
				CLANG_WARN_OBJC_LITERAL_CONVERSION = YES;
				CLANG_WARN_OBJC_ROOT_CLASS = YES_ERROR;
				CLANG_WARN_RANGE_LOOP_ANALYSIS = YES;
				CLANG_WARN_STRICT_PROTOTYPES = YES;
				CLANG_WARN_SUSPICIOUS_MOVE = YES;
				CLANG_WARN_UNGUARDED_AVAILABILITY = YES_AGGRESSIVE;
				CLANG_WARN_UNREACHABLE_CODE = YES;
				CLANG_WARN__DUPLICATE_METHOD_MATCH = YES;
				CODE_SIGN_IDENTITY = "iPhone Developer";
				COPY_PHASE_STRIP = NO;
				DEBUG_INFORMATION_FORMAT = "dwarf-with-dsym";
				ENABLE_NS_ASSERTIONS = NO;
				ENABLE_STRICT_OBJC_MSGSEND = YES;
				GCC_C_LANGUAGE_STANDARD = gnu11;
				GCC_NO_COMMON_BLOCKS = YES;
				GCC_WARN_64_TO_32_BIT_CONVERSION = YES;
				GCC_WARN_ABOUT_RETURN_TYPE = YES_ERROR;
				GCC_WARN_UNDECLARED_SELECTOR = YES;
				GCC_WARN_UNINITIALIZED_AUTOS = YES_AGGRESSIVE;
				GCC_WARN_UNUSED_FUNCTION = YES;
				GCC_WARN_UNUSED_VARIABLE = YES;
				IPHONEOS_DEPLOYMENT_TARGET = 11.2;
				MTL_ENABLE_DEBUG_INFO = NO;
				SDKROOT = iphoneos;
				SWIFT_OPTIMIZATION_LEVEL = "-Owholemodule";
				VALIDATE_PRODUCT = YES;
			};
			name = Release;
		};
		2C6E7309224EA1B200D1D4BB /* Debug */ = {
			isa = XCBuildConfiguration;
			baseConfigurationReference = F8E8E94C78D6D9909979A1AE /* Pods-TestApp.debug.xcconfig */;
			buildSettings = {
				ASSETCATALOG_COMPILER_APPICON_NAME = AppIcon;
				CODE_SIGN_STYLE = Automatic;
				INFOPLIST_FILE = TestApp/Info.plist;
				LD_RUNPATH_SEARCH_PATHS = "$(inherited) @executable_path/Frameworks";
				PRODUCT_BUNDLE_IDENTIFIER = afesyk.TestApp;
				PRODUCT_NAME = "$(TARGET_NAME)";
				SWIFT_VERSION = 5.0;
				TARGETED_DEVICE_FAMILY = "1,2";
			};
			name = Debug;
		};
		2C6E730A224EA1B200D1D4BB /* Release */ = {
			isa = XCBuildConfiguration;
			baseConfigurationReference = 0515BB7A0C5CCFCD59E9AB64 /* Pods-TestApp.release.xcconfig */;
			buildSettings = {
				ASSETCATALOG_COMPILER_APPICON_NAME = AppIcon;
				CODE_SIGN_STYLE = Automatic;
				INFOPLIST_FILE = TestApp/Info.plist;
				LD_RUNPATH_SEARCH_PATHS = "$(inherited) @executable_path/Frameworks";
				PRODUCT_BUNDLE_IDENTIFIER = afesyk.TestApp;
				PRODUCT_NAME = "$(TARGET_NAME)";
				SWIFT_VERSION = 5.0;
				TARGETED_DEVICE_FAMILY = "1,2";
			};
			name = Release;
		};
/* End XCBuildConfiguration section */

/* Begin XCConfigurationList section */
		2C6E72DB224EA1B100D1D4BB /* Build configuration list for PBXProject "TestApp" */ = {
			isa = XCConfigurationList;
			buildConfigurations = (
				2C6E7306224EA1B200D1D4BB /* Debug */,
				2C6E7307224EA1B200D1D4BB /* Release */,
			);
			defaultConfigurationIsVisible = 0;
			defaultConfigurationName = Release;
		};
		2C6E7308224EA1B200D1D4BB /* Build configuration list for PBXNativeTarget "TestApp" */ = {
			isa = XCConfigurationList;
			buildConfigurations = (
				2C6E7309224EA1B200D1D4BB /* Debug */,
				2C6E730A224EA1B200D1D4BB /* Release */,
			);
			defaultConfigurationIsVisible = 0;
			defaultConfigurationName = Release;
		};
/* End XCConfigurationList section */
	};
	rootObject = 2C6E72D8224EA1B100D1D4BB /* Project object */;
}
